
Microsoft Visual Studio Solution File, Format Version 12.00
# Visual Studio Version 16
VisualStudioVersion = 16.0.31702.278
MinimumVisualStudioVersion = 10.0.40219.1
Project("{FAE04EC0-301F-11D3-BF4B-00C04F79EFBC}") = "UnauthorizedDeliveriesTask3WebApi", "UnauthorizedDeliveriesTask3WebApi\UnauthorizedDeliveriesTask3WebApi.csproj", "{ED6DFE1C-C13C-4B81-9E76-3A8F2E88A458}"
EndProject
Global
	GlobalSection(SolutionConfigurationPlatforms) = preSolution
		Debug|Any CPU = Debug|Any CPU
		Release|Any CPU = Release|Any CPU
	EndGlobalSection
	GlobalSection(ProjectConfigurationPlatforms) = postSolution
		{ED6DFE1C-C13C-4B81-9E76-3A8F2E88A458}.Debug|Any CPU.ActiveCfg = Debug|Any CPU
		{ED6DFE1C-C13C-4B81-9E76-3A8F2E88A458}.Debug|Any CPU.Build.0 = Debug|Any CPU
		{ED6DFE1C-C13C-4B81-9E76-3A8F2E88A458}.Release|Any CPU.ActiveCfg = Release|Any CPU
		{ED6DFE1C-C13C-4B81-9E76-3A8F2E88A458}.Release|Any CPU.Build.0 = Release|Any CPU
	EndGlobalSection
	GlobalSection(SolutionProperties) = preSolution
		HideSolutionNode = FALSE
	EndGlobalSection
	GlobalSection(ExtensibilityGlobals) = postSolution
		SolutionGuid = {CB90AAE7-7493-4D08-A663-815E04CE36B9}
	EndGlobalSection
EndGlobal
